
Microsoft Visual Studio Solution File, Format Version 12.00
# Visual Studio 15
VisualStudioVersion = 15.0.28307.1062
MinimumVisualStudioVersion = 10.0.40219.1
Project("{FAE04EC0-301F-11D3-BF4B-00C04F79EFBC}") = "webdesigning", "webdesigning\webdesigning.csproj", "{0E14C996-98DC-42DB-B82F-F82D77F73C62}"
EndProject
Global
	GlobalSection(SolutionConfigurationPlatforms) = preSolution
		Debug|Any CPU = Debug|Any CPU
		Release|Any CPU = Release|Any CPU
	EndGlobalSection
	GlobalSection(ProjectConfigurationPlatforms) = postSolution
		{0E14C996-98DC-42DB-B82F-F82D77F73C62}.Debug|Any CPU.ActiveCfg = Debug|Any CPU
		{0E14C996-98DC-42DB-B82F-F82D77F73C62}.Debug|Any CPU.Build.0 = Debug|Any CPU
		{0E14C996-98DC-42DB-B82F-F82D77F73C62}.Release|Any CPU.ActiveCfg = Release|Any CPU
		{0E14C996-98DC-42DB-B82F-F82D77F73C62}.Release|Any CPU.Build.0 = Release|Any CPU
	EndGlobalSection
	GlobalSection(SolutionProperties) = preSolution
		HideSolutionNode = FALSE
	EndGlobalSection
	GlobalSection(ExtensibilityGlobals) = postSolution
		SolutionGuid = {BD9EB80C-1737-4975-BF58-9E05FB6A5CA6}
	EndGlobalSection
EndGlobal
